
Microsoft Visual Studio Solution File, Format Version 12.00
# Visual Studio Version 16
VisualStudioVersion = 16.0.30523.141
MinimumVisualStudioVersion = 10.0.40219.1
Project("{FAE04EC0-301F-11D3-BF4B-00C04F79EFBC}") = "KyougiProgramming", "KyougiProgramming\KyougiProgramming.csproj", "{EA977FED-5715-40D4-B627-3CEA028A3FB1}"
EndProject
Global
	GlobalSection(SolutionConfigurationPlatforms) = preSolution
		Debug|Any CPU = Debug|Any CPU
		Release|Any CPU = Release|Any CPU
	EndGlobalSection
	GlobalSection(ProjectConfigurationPlatforms) = postSolution
		{EA977FED-5715-40D4-B627-3CEA028A3FB1}.Debug|Any CPU.ActiveCfg = Debug|Any CPU
		{EA977FED-5715-40D4-B627-3CEA028A3FB1}.Debug|Any CPU.Build.0 = Debug|Any CPU
		{EA977FED-5715-40D4-B627-3CEA028A3FB1}.Release|Any CPU.ActiveCfg = Release|Any CPU
		{EA977FED-5715-40D4-B627-3CEA028A3FB1}.Release|Any CPU.Build.0 = Release|Any CPU
	EndGlobalSection
	GlobalSection(SolutionProperties) = preSolution
		HideSolutionNode = FALSE
	EndGlobalSection
	GlobalSection(ExtensibilityGlobals) = postSolution
		SolutionGuid = {57331C42-D44D-4B98-BF7B-8B03901F4F3C}
	EndGlobalSection
EndGlobal
